# THIS IS AN AUTOGENERATED FILE. DO NOT EDIT THIS FILE DIRECTLY.
# yarn lockfile v1


"@babel/generator@^7.15.4":
  version "7.15.4"
  resolved "https://registry.yarnpkg.com/@babel/generator/-/generator-7.15.4.tgz#85acb159a267ca6324f9793986991ee2022a05b0"
  integrity sha512-d3itta0tu+UayjEORPNz6e1T3FtvWlP5N4V5M+lhp/CxT4oAA7/NcScnpRyspUMLK6tu9MNHmQHxRykuN2R7hw==
  dependencies:
    "@babel/types" "^7.15.4"
    jsesc "^2.5.1"
    source-map "^0.5.0"

"@babel/helper-validator-identifier@^7.14.9":
  version "7.15.7"
  resolved "https://registry.yarnpkg.com/@babel/helper-validator-identifier/-/helper-validator-identifier-7.15.7.tgz#220df993bfe904a4a6b02ab4f3385a5ebf6e2389"
  integrity sha512-K4JvCtQqad9OY2+yTU8w+E82ywk/fe+ELNlt1G8z3bVGlZfn/hOcQQsUhGhW/N+tb3fxK800wLtKOE/aM0m72w==

"@babel/types@^7.15.4", "@babel/types@^7.15.6":
  version "7.15.6"
  resolved "https://registry.yarnpkg.com/@babel/types/-/types-7.15.6.tgz#99abdc48218b2881c058dd0a7ab05b99c9be758f"
  integrity sha512-BPU+7QhqNjmWyDO0/vitH/CuhpV8ZmK1wpKva8nuyNF5MJfuRNWMc+hc14+u9xT93kvykMdncrJT19h74uB1Ig==
  dependencies:
    "@babel/helper-validator-identifier" "^7.14.9"
    to-fast-properties "^2.0.0"

jsesc@^2.5.1:
  version "2.5.2"
  resolved "https://registry.yarnpkg.com/jsesc/-/jsesc-2.5.2.tgz#80564d2e483dacf6e8ef209650a67df3f0c283a4"
  integrity sha512-OYu7XEzjkCQ3C5Ps3QIZsQfNpqoJyZZA99wd9aWd05NCtC5pWOkShK2mkL6HXQR6/Cy2lbNdPlZBpuQHXE63gA==

source-map@^0.5.0:
  version "0.5.7"
  resolved "https://registry.yarnpkg.com/source-map/-/source-map-0.5.7.tgz#8a039d2d1021d22d1ea14c80d8ea468ba2ef3fcc"
  integrity sha1-igOdLRAh0i0eoUyA2OpGi6LvP8w=

to-fast-properties@^2.0.0:
  version "2.0.0"
  resolved "https://registry.yarnpkg.com/to-fast-properties/-/to-fast-properties-2.0.0.tgz#dc5e698cbd079265bc73e0377681a4e4e83f616e"
  integrity sha1-3F5pjL0HkmW8c+A3doGk5Og/YW4=
